
Microsoft Visual Studio Solution File, Format Version 12.00
# Visual Studio Version 17
VisualStudioVersion = 17.1.31911.260
MinimumVisualStudioVersion = 10.0.40219.1
Project("{FAE04EC0-301F-11D3-BF4B-00C04F79EFBC}") = "Module5HW1", "Module5HW1\Module5HW1.csproj", "{7B7E801B-91C7-4FC6-8272-49FA70135270}"
EndProject
Global
	GlobalSection(SolutionConfigurationPlatforms) = preSolution
		Debug|Any CPU = Debug|Any CPU
		Release|Any CPU = Release|Any CPU
	EndGlobalSection
	GlobalSection(ProjectConfigurationPlatforms) = postSolution
		{7B7E801B-91C7-4FC6-8272-49FA70135270}.Debug|Any CPU.ActiveCfg = Debug|Any CPU
		{7B7E801B-91C7-4FC6-8272-49FA70135270}.Debug|Any CPU.Build.0 = Debug|Any CPU
		{7B7E801B-91C7-4FC6-8272-49FA70135270}.Release|Any CPU.ActiveCfg = Release|Any CPU
		{7B7E801B-91C7-4FC6-8272-49FA70135270}.Release|Any CPU.Build.0 = Release|Any CPU
	EndGlobalSection
	GlobalSection(SolutionProperties) = preSolution
		HideSolutionNode = FALSE
	EndGlobalSection
	GlobalSection(ExtensibilityGlobals) = postSolution
		SolutionGuid = {D667DB85-5DFA-4023-BEB6-B9FF520EE761}
	EndGlobalSection
EndGlobal
